
Microsoft Visual Studio Solution File, Format Version 12.00
# Visual Studio Version 17
VisualStudioVersion = 17.12.35707.178 d17.12
MinimumVisualStudioVersion = 10.0.40219.1
Project("{FAE04EC0-301F-11D3-BF4B-00C04F79EFBC}") = "TechChallengeFastFood.API", "src\Adapters\Driving\TechChallengeFastFood.API\TechChallengeFastFood.API.csproj", "{D7064034-822F-45A2-8BAD-02C8AE83D518}"
EndProject
Project("{2150E333-8FDC-42A3-9474-1A3956D46DE8}") = "src", "src", "{622C8F2B-BA82-4BDD-AB95-FB1C7A1904C8}"
EndProject
Project("{2150E333-8FDC-42A3-9474-1A3956D46DE8}") = "Adapters", "Adapters", "{F50DFF63-90AF-407B-9C45-CF25866A0EB6}"
EndProject
Project("{2150E333-8FDC-42A3-9474-1A3956D46DE8}") = "Core", "Core", "{045DF720-37B5-4DE3-BBD9-83D775EF7EC6}"
EndProject
Project("{2150E333-8FDC-42A3-9474-1A3956D46DE8}") = "Driven", "Driven", "{B410E48D-F4F6-478D-B3A7-918065AEBC5B}"
EndProject
Project("{2150E333-8FDC-42A3-9474-1A3956D46DE8}") = "Driving", "Driving", "{98FF289C-3236-4D5F-817E-673B50733B76}"
EndProject
Project("{FAE04EC0-301F-11D3-BF4B-00C04F79EFBC}") = "Application", "src\Core\Application\Application.csproj", "{1B725028-F622-4276-BB0F-BCBC196BC920}"
EndProject
Project("{FAE04EC0-301F-11D3-BF4B-00C04F79EFBC}") = "Domain", "src\Core\Domain\Domain.csproj", "{63128117-C371-4C85-8ACE-13DB00029E88}"
EndProject
Project("{2150E333-8FDC-42A3-9474-1A3956D46DE8}") = "Solution Items", "Solution Items", "{B229D73D-61FC-4DA2-8491-829BAE83B63B}"
	ProjectSection(SolutionItems) = preProject
		docker-compose.yaml = docker-compose.yaml
	EndProjectSection
EndProject
Project("{FAE04EC0-301F-11D3-BF4B-00C04F79EFBC}") = "Infra.Database.SqlServer", "src\Adapters\Driven\Infra.Database.SqlServer\Infra.Database.SqlServer.csproj", "{B4CF5FEA-BB09-4E17-BF7B-F698F096276E}"
EndProject
Project("{FAE04EC0-301F-11D3-BF4B-00C04F79EFBC}") = "Infra.Api.MercadoPago", "src\Adapters\Driven\Infra.Api.MercadoPago\Infra.Api.MercadoPago.csproj", "{95E2E325-28D2-44EE-9AA4-9D1EB2CF80FE}"
EndProject
Project("{FAE04EC0-301F-11D3-BF4B-00C04F79EFBC}") = "Infra.Password", "src\Adapters\Driven\Infra.Password\Infra.Password.csproj", "{CBC204EE-0DF2-423F-8996-307F229821E2}"
EndProject
Project("{2150E333-8FDC-42A3-9474-1A3956D46DE8}") = "Hexagon", "Hexagon", "{775A2A4A-FA30-456B-BF8D-DCDDE1D51CFC}"
EndProject
Project("{2150E333-8FDC-42A3-9474-1A3956D46DE8}") = "CleanArchitecture", "CleanArchitecture", "{C7748FC2-041B-4DCF-A330-33405B911A74}"
EndProject
Project("{2150E333-8FDC-42A3-9474-1A3956D46DE8}") = "Infrastructure", "Infrastructure", "{F2B8A819-1472-457E-9871-A25122F081AF}"
EndProject
Project("{2150E333-8FDC-42A3-9474-1A3956D46DE8}") = "Presentation", "Presentation", "{A711285C-1CA4-4E88-AA59-47B2F1A062A4}"
EndProject
Project("{2150E333-8FDC-42A3-9474-1A3956D46DE8}") = "Application", "Application", "{C18BC0EF-2CFC-4340-8A58-2F9596880AB0}"
EndProject
Project("{2150E333-8FDC-42A3-9474-1A3956D46DE8}") = "Domain", "Domain", "{76C003B3-2426-49DD-A0A0-F9AAD136751B}"
EndProject
Project("{FAE04EC0-301F-11D3-BF4B-00C04F79EFBC}") = "TechChallengeFastFood.CleanArch.Infrastructure.API", "src\CleanArchitecture\Infrastructure\TechChallengeFastFood.CleanArch.Infrastructure.API\TechChallengeFastFood.CleanArch.Infrastructure.API.csproj", "{36936E7C-6268-4418-AF30-F1B8158019FC}"
EndProject
Project("{FAE04EC0-301F-11D3-BF4B-00C04F79EFBC}") = "TechChallengeFastFood.CleanArch.Domain.Entities", "src\CleanArchitecture\Domain\TechChallengeFastFood.CleanArch.Domain.Entities\TechChallengeFastFood.CleanArch.Domain.Entities.csproj", "{AE168614-2C60-4489-A8AE-A0EE1D10EBCC}"
EndProject
Project("{FAE04EC0-301F-11D3-BF4B-00C04F79EFBC}") = "TechChallengeFastFood.CleanArch.Application.UseCases", "src\CleanArchitecture\Application\TechChallengeFastFood.CleanArch.Application.UseCases\TechChallengeFastFood.CleanArch.Application.UseCases.csproj", "{922BF31C-B758-4A76-A883-272C8112471F}"
EndProject
Project("{FAE04EC0-301F-11D3-BF4B-00C04F79EFBC}") = "TechChallengeFastFood.CleanArch.Presentation.Presenters", "src\CleanArchitecture\Presentation\TechChallengeFastFood.CleanArch.Presentation.Presenters\TechChallengeFastFood.CleanArch.Presentation.Presenters.csproj", "{4D356953-F069-46BA-B880-771F58F57D6F}"
EndProject
Project("{FAE04EC0-301F-11D3-BF4B-00C04F79EFBC}") = "TechChallengeFastFood.CleanArch.Presentation.Controllers", "src\CleanArchitecture\Presentation\TechChallengeFastFood.CleanArch.Presentation.Controllers\TechChallengeFastFood.CleanArch.Presentation.Controllers.csproj", "{58BAC169-567A-4922-9856-028020C6AF48}"
EndProject
Project("{FAE04EC0-301F-11D3-BF4B-00C04F79EFBC}") = "TechChallengeFastFood.CleanArch.Presentation.Gateway", "src\CleanArchitecture\Presentation\TechChallengeFastFood.CleanArch.Presentation.Gateway\TechChallengeFastFood.CleanArch.Presentation.Gateway.csproj", "{02C45A03-9387-4AA9-ACEA-ECB8D218312E}"
EndProject
Global
	GlobalSection(SolutionConfigurationPlatforms) = preSolution
		Debug|Any CPU = Debug|Any CPU
		Release|Any CPU = Release|Any CPU
	EndGlobalSection
	GlobalSection(ProjectConfigurationPlatforms) = postSolution
		{D7064034-822F-45A2-8BAD-02C8AE83D518}.Debug|Any CPU.ActiveCfg = Debug|Any CPU
		{D7064034-822F-45A2-8BAD-02C8AE83D518}.Debug|Any CPU.Build.0 = Debug|Any CPU
		{D7064034-822F-45A2-8BAD-02C8AE83D518}.Release|Any CPU.ActiveCfg = Release|Any CPU
		{D7064034-822F-45A2-8BAD-02C8AE83D518}.Release|Any CPU.Build.0 = Release|Any CPU
		{1B725028-F622-4276-BB0F-BCBC196BC920}.Debug|Any CPU.ActiveCfg = Debug|Any CPU
		{1B725028-F622-4276-BB0F-BCBC196BC920}.Debug|Any CPU.Build.0 = Debug|Any CPU
		{1B725028-F622-4276-BB0F-BCBC196BC920}.Release|Any CPU.ActiveCfg = Release|Any CPU
		{1B725028-F622-4276-BB0F-BCBC196BC920}.Release|Any CPU.Build.0 = Release|Any CPU
		{63128117-C371-4C85-8ACE-13DB00029E88}.Debug|Any CPU.ActiveCfg = Debug|Any CPU
		{63128117-C371-4C85-8ACE-13DB00029E88}.Debug|Any CPU.Build.0 = Debug|Any CPU
		{63128117-C371-4C85-8ACE-13DB00029E88}.Release|Any CPU.ActiveCfg = Release|Any CPU
		{63128117-C371-4C85-8ACE-13DB00029E88}.Release|Any CPU.Build.0 = Release|Any CPU
		{B4CF5FEA-BB09-4E17-BF7B-F698F096276E}.Debug|Any CPU.ActiveCfg = Debug|Any CPU
		{B4CF5FEA-BB09-4E17-BF7B-F698F096276E}.Debug|Any CPU.Build.0 = Debug|Any CPU
		{B4CF5FEA-BB09-4E17-BF7B-F698F096276E}.Release|Any CPU.ActiveCfg = Release|Any CPU
		{B4CF5FEA-BB09-4E17-BF7B-F698F096276E}.Release|Any CPU.Build.0 = Release|Any CPU
		{95E2E325-28D2-44EE-9AA4-9D1EB2CF80FE}.Debug|Any CPU.ActiveCfg = Debug|Any CPU
		{95E2E325-28D2-44EE-9AA4-9D1EB2CF80FE}.Debug|Any CPU.Build.0 = Debug|Any CPU
		{95E2E325-28D2-44EE-9AA4-9D1EB2CF80FE}.Release|Any CPU.ActiveCfg = Release|Any CPU
		{95E2E325-28D2-44EE-9AA4-9D1EB2CF80FE}.Release|Any CPU.Build.0 = Release|Any CPU
		{CBC204EE-0DF2-423F-8996-307F229821E2}.Debug|Any CPU.ActiveCfg = Debug|Any CPU
		{CBC204EE-0DF2-423F-8996-307F229821E2}.Debug|Any CPU.Build.0 = Debug|Any CPU
		{CBC204EE-0DF2-423F-8996-307F229821E2}.Release|Any CPU.ActiveCfg = Release|Any CPU
		{CBC204EE-0DF2-423F-8996-307F229821E2}.Release|Any CPU.Build.0 = Release|Any CPU
		{36936E7C-6268-4418-AF30-F1B8158019FC}.Debug|Any CPU.ActiveCfg = Debug|Any CPU
		{36936E7C-6268-4418-AF30-F1B8158019FC}.Debug|Any CPU.Build.0 = Debug|Any CPU
		{36936E7C-6268-4418-AF30-F1B8158019FC}.Release|Any CPU.ActiveCfg = Release|Any CPU
		{36936E7C-6268-4418-AF30-F1B8158019FC}.Release|Any CPU.Build.0 = Release|Any CPU
		{AE168614-2C60-4489-A8AE-A0EE1D10EBCC}.Debug|Any CPU.ActiveCfg = Debug|Any CPU
		{AE168614-2C60-4489-A8AE-A0EE1D10EBCC}.Debug|Any CPU.Build.0 = Debug|Any CPU
		{AE168614-2C60-4489-A8AE-A0EE1D10EBCC}.Release|Any CPU.ActiveCfg = Release|Any CPU
		{AE168614-2C60-4489-A8AE-A0EE1D10EBCC}.Release|Any CPU.Build.0 = Release|Any CPU
		{922BF31C-B758-4A76-A883-272C8112471F}.Debug|Any CPU.ActiveCfg = Debug|Any CPU
		{922BF31C-B758-4A76-A883-272C8112471F}.Debug|Any CPU.Build.0 = Debug|Any CPU
		{922BF31C-B758-4A76-A883-272C8112471F}.Release|Any CPU.ActiveCfg = Release|Any CPU
		{922BF31C-B758-4A76-A883-272C8112471F}.Release|Any CPU.Build.0 = Release|Any CPU
		{4D356953-F069-46BA-B880-771F58F57D6F}.Debug|Any CPU.ActiveCfg = Debug|Any CPU
		{4D356953-F069-46BA-B880-771F58F57D6F}.Debug|Any CPU.Build.0 = Debug|Any CPU
		{4D356953-F069-46BA-B880-771F58F57D6F}.Release|Any CPU.ActiveCfg = Release|Any CPU
		{4D356953-F069-46BA-B880-771F58F57D6F}.Release|Any CPU.Build.0 = Release|Any CPU
		{58BAC169-567A-4922-9856-028020C6AF48}.Debug|Any CPU.ActiveCfg = Debug|Any CPU
		{58BAC169-567A-4922-9856-028020C6AF48}.Debug|Any CPU.Build.0 = Debug|Any CPU
		{58BAC169-567A-4922-9856-028020C6AF48}.Release|Any CPU.ActiveCfg = Release|Any CPU
		{58BAC169-567A-4922-9856-028020C6AF48}.Release|Any CPU.Build.0 = Release|Any CPU
		{02C45A03-9387-4AA9-ACEA-ECB8D218312E}.Debug|Any CPU.ActiveCfg = Debug|Any CPU
		{02C45A03-9387-4AA9-ACEA-ECB8D218312E}.Debug|Any CPU.Build.0 = Debug|Any CPU
		{02C45A03-9387-4AA9-ACEA-ECB8D218312E}.Release|Any CPU.ActiveCfg = Release|Any CPU
		{02C45A03-9387-4AA9-ACEA-ECB8D218312E}.Release|Any CPU.Build.0 = Release|Any CPU
	EndGlobalSection
	GlobalSection(SolutionProperties) = preSolution
		HideSolutionNode = FALSE
	EndGlobalSection
	GlobalSection(NestedProjects) = preSolution
		{D7064034-822F-45A2-8BAD-02C8AE83D518} = {98FF289C-3236-4D5F-817E-673B50733B76}
		{B410E48D-F4F6-478D-B3A7-918065AEBC5B} = {F50DFF63-90AF-407B-9C45-CF25866A0EB6}
		{98FF289C-3236-4D5F-817E-673B50733B76} = {F50DFF63-90AF-407B-9C45-CF25866A0EB6}
		{1B725028-F622-4276-BB0F-BCBC196BC920} = {045DF720-37B5-4DE3-BBD9-83D775EF7EC6}
		{63128117-C371-4C85-8ACE-13DB00029E88} = {045DF720-37B5-4DE3-BBD9-83D775EF7EC6}
		{B4CF5FEA-BB09-4E17-BF7B-F698F096276E} = {B410E48D-F4F6-478D-B3A7-918065AEBC5B}
		{95E2E325-28D2-44EE-9AA4-9D1EB2CF80FE} = {B410E48D-F4F6-478D-B3A7-918065AEBC5B}
		{CBC204EE-0DF2-423F-8996-307F229821E2} = {B410E48D-F4F6-478D-B3A7-918065AEBC5B}
		{775A2A4A-FA30-456B-BF8D-DCDDE1D51CFC} = {622C8F2B-BA82-4BDD-AB95-FB1C7A1904C8}
		{F50DFF63-90AF-407B-9C45-CF25866A0EB6} = {775A2A4A-FA30-456B-BF8D-DCDDE1D51CFC}
		{045DF720-37B5-4DE3-BBD9-83D775EF7EC6} = {775A2A4A-FA30-456B-BF8D-DCDDE1D51CFC}
		{C7748FC2-041B-4DCF-A330-33405B911A74} = {622C8F2B-BA82-4BDD-AB95-FB1C7A1904C8}
		{F2B8A819-1472-457E-9871-A25122F081AF} = {C7748FC2-041B-4DCF-A330-33405B911A74}
		{A711285C-1CA4-4E88-AA59-47B2F1A062A4} = {C7748FC2-041B-4DCF-A330-33405B911A74}
		{C18BC0EF-2CFC-4340-8A58-2F9596880AB0} = {C7748FC2-041B-4DCF-A330-33405B911A74}
		{76C003B3-2426-49DD-A0A0-F9AAD136751B} = {C7748FC2-041B-4DCF-A330-33405B911A74}
		{36936E7C-6268-4418-AF30-F1B8158019FC} = {F2B8A819-1472-457E-9871-A25122F081AF}
		{AE168614-2C60-4489-A8AE-A0EE1D10EBCC} = {76C003B3-2426-49DD-A0A0-F9AAD136751B}
		{922BF31C-B758-4A76-A883-272C8112471F} = {C18BC0EF-2CFC-4340-8A58-2F9596880AB0}
		{4D356953-F069-46BA-B880-771F58F57D6F} = {A711285C-1CA4-4E88-AA59-47B2F1A062A4}
		{58BAC169-567A-4922-9856-028020C6AF48} = {A711285C-1CA4-4E88-AA59-47B2F1A062A4}
		{02C45A03-9387-4AA9-ACEA-ECB8D218312E} = {A711285C-1CA4-4E88-AA59-47B2F1A062A4}
	EndGlobalSection
EndGlobal
