
Microsoft Visual Studio Solution File, Format Version 12.00
# Visual Studio Version 17
VisualStudioVersion = 17.12.35707.178 d17.12
MinimumVisualStudioVersion = 10.0.40219.1
Project("{2150E333-8FDC-42A3-9474-1A3956D46DE8}") = "src", "src", "{622C8F2B-BA82-4BDD-AB95-FB1C7A1904C8}"
EndProject
Project("{2150E333-8FDC-42A3-9474-1A3956D46DE8}") = "Solution Items", "Solution Items", "{B229D73D-61FC-4DA2-8491-829BAE83B63B}"
	ProjectSection(SolutionItems) = preProject
		docker-compose.yaml = docker-compose.yaml
		docker-compose-fase2.yaml = docker-compose-fase2.yaml
	EndProjectSection
EndProject
Project("{2150E333-8FDC-42A3-9474-1A3956D46DE8}") = "CleanArchitecture", "CleanArchitecture", "{C7748FC2-041B-4DCF-A330-33405B911A74}"
EndProject
Project("{2150E333-8FDC-42A3-9474-1A3956D46DE8}") = "Infrastructure", "Infrastructure", "{F2B8A819-1472-457E-9871-A25122F081AF}"
EndProject
Project("{2150E333-8FDC-42A3-9474-1A3956D46DE8}") = "Presentation", "Presentation", "{A711285C-1CA4-4E88-AA59-47B2F1A062A4}"
EndProject
Project("{2150E333-8FDC-42A3-9474-1A3956D46DE8}") = "Application", "Application", "{C18BC0EF-2CFC-4340-8A58-2F9596880AB0}"
EndProject
Project("{2150E333-8FDC-42A3-9474-1A3956D46DE8}") = "Domain", "Domain", "{76C003B3-2426-49DD-A0A0-F9AAD136751B}"
EndProject
Project("{FAE04EC0-301F-11D3-BF4B-00C04F79EFBC}") = "TechChallengeFastFood.CleanArch.Infrastructure.API", "src\CleanArchitecture\Infrastructure\TechChallengeFastFood.CleanArch.Infrastructure.API\TechChallengeFastFood.CleanArch.Infrastructure.API.csproj", "{36936E7C-6268-4418-AF30-F1B8158019FC}"
EndProject
Project("{FAE04EC0-301F-11D3-BF4B-00C04F79EFBC}") = "Entities", "src\CleanArchitecture\Domain\Entities\Entities.csproj", "{AE168614-2C60-4489-A8AE-A0EE1D10EBCC}"
EndProject
Project("{FAE04EC0-301F-11D3-BF4B-00C04F79EFBC}") = "UseCases", "src\CleanArchitecture\Application\UseCases\UseCases.csproj", "{922BF31C-B758-4A76-A883-272C8112471F}"
EndProject
Project("{FAE04EC0-301F-11D3-BF4B-00C04F79EFBC}") = "Presenters", "src\CleanArchitecture\Presentation\Presenters\Presenters.csproj", "{4D356953-F069-46BA-B880-771F58F57D6F}"
EndProject
Project("{FAE04EC0-301F-11D3-BF4B-00C04F79EFBC}") = "Controllers", "src\CleanArchitecture\Presentation\Controllers\Controllers.csproj", "{58BAC169-567A-4922-9856-028020C6AF48}"
EndProject
Project("{FAE04EC0-301F-11D3-BF4B-00C04F79EFBC}") = "Gateway", "src\CleanArchitecture\Presentation\Gateway\Gateway.csproj", "{02C45A03-9387-4AA9-ACEA-ECB8D218312E}"
EndProject
Project("{FAE04EC0-301F-11D3-BF4B-00C04F79EFBC}") = "Database.SqlServer", "src\CleanArchitecture\Infrastructure\Database.SqlServer\Database.SqlServer.csproj", "{061F62C2-A3F4-4C3F-9C77-CDB361206553}"
EndProject
Project("{FAE04EC0-301F-11D3-BF4B-00C04F79EFBC}") = "External.Api.MercadoPago", "src\CleanArchitecture\Infrastructure\External.Api.MercadoPago\External.Api.MercadoPago.csproj", "{ED72A6A9-0C5E-45B4-88B4-BB26A32E5506}"
EndProject
Project("{2150E333-8FDC-42A3-9474-1A3956D46DE8}") = "Common", "Common", "{CA3DB2FA-27D1-44E5-A2A4-A3D4025ADB43}"
EndProject
Project("{FAE04EC0-301F-11D3-BF4B-00C04F79EFBC}") = "Common.Interfaces", "src\CleanArchitecture\Common\Common.Interfaces\Common.Interfaces.csproj", "{E11FA27B-106D-4D89-A79B-D2800FFD3FB4}"
EndProject
Project("{FAE04EC0-301F-11D3-BF4B-00C04F79EFBC}") = "Common.Dto", "src\CleanArchitecture\Common\Common.Dto\Common.Dto.csproj", "{190480F2-FAE4-4B1D-9471-03D351261E7D}"
EndProject
Project("{FAE04EC0-301F-11D3-BF4B-00C04F79EFBC}") = "Infra.Password", "src\CleanArchitecture\Infrastructure\Infra.Password\Infra.Password.csproj", "{4174F6FC-D357-44C6-B86E-7E400F408803}"
EndProject
Project("{FAE04EC0-301F-11D3-BF4B-00C04F79EFBC}") = "Common.Enums", "src\CleanArchitecture\Common\Common.Enums\Common.Enums.csproj", "{AE5EF27F-DD45-45F8-A7A8-96E1CCD6691B}"
EndProject
Global
	GlobalSection(SolutionConfigurationPlatforms) = preSolution
		Debug|Any CPU = Debug|Any CPU
		Release|Any CPU = Release|Any CPU
	EndGlobalSection
	GlobalSection(ProjectConfigurationPlatforms) = postSolution
		{36936E7C-6268-4418-AF30-F1B8158019FC}.Debug|Any CPU.ActiveCfg = Debug|Any CPU
		{36936E7C-6268-4418-AF30-F1B8158019FC}.Debug|Any CPU.Build.0 = Debug|Any CPU
		{36936E7C-6268-4418-AF30-F1B8158019FC}.Release|Any CPU.ActiveCfg = Release|Any CPU
		{36936E7C-6268-4418-AF30-F1B8158019FC}.Release|Any CPU.Build.0 = Release|Any CPU
		{AE168614-2C60-4489-A8AE-A0EE1D10EBCC}.Debug|Any CPU.ActiveCfg = Debug|Any CPU
		{AE168614-2C60-4489-A8AE-A0EE1D10EBCC}.Debug|Any CPU.Build.0 = Debug|Any CPU
		{AE168614-2C60-4489-A8AE-A0EE1D10EBCC}.Release|Any CPU.ActiveCfg = Release|Any CPU
		{AE168614-2C60-4489-A8AE-A0EE1D10EBCC}.Release|Any CPU.Build.0 = Release|Any CPU
		{922BF31C-B758-4A76-A883-272C8112471F}.Debug|Any CPU.ActiveCfg = Debug|Any CPU
		{922BF31C-B758-4A76-A883-272C8112471F}.Debug|Any CPU.Build.0 = Debug|Any CPU
		{922BF31C-B758-4A76-A883-272C8112471F}.Release|Any CPU.ActiveCfg = Release|Any CPU
		{922BF31C-B758-4A76-A883-272C8112471F}.Release|Any CPU.Build.0 = Release|Any CPU
		{4D356953-F069-46BA-B880-771F58F57D6F}.Debug|Any CPU.ActiveCfg = Debug|Any CPU
		{4D356953-F069-46BA-B880-771F58F57D6F}.Debug|Any CPU.Build.0 = Debug|Any CPU
		{4D356953-F069-46BA-B880-771F58F57D6F}.Release|Any CPU.ActiveCfg = Release|Any CPU
		{4D356953-F069-46BA-B880-771F58F57D6F}.Release|Any CPU.Build.0 = Release|Any CPU
		{58BAC169-567A-4922-9856-028020C6AF48}.Debug|Any CPU.ActiveCfg = Debug|Any CPU
		{58BAC169-567A-4922-9856-028020C6AF48}.Debug|Any CPU.Build.0 = Debug|Any CPU
		{58BAC169-567A-4922-9856-028020C6AF48}.Release|Any CPU.ActiveCfg = Release|Any CPU
		{58BAC169-567A-4922-9856-028020C6AF48}.Release|Any CPU.Build.0 = Release|Any CPU
		{02C45A03-9387-4AA9-ACEA-ECB8D218312E}.Debug|Any CPU.ActiveCfg = Debug|Any CPU
		{02C45A03-9387-4AA9-ACEA-ECB8D218312E}.Debug|Any CPU.Build.0 = Debug|Any CPU
		{02C45A03-9387-4AA9-ACEA-ECB8D218312E}.Release|Any CPU.ActiveCfg = Release|Any CPU
		{02C45A03-9387-4AA9-ACEA-ECB8D218312E}.Release|Any CPU.Build.0 = Release|Any CPU
		{061F62C2-A3F4-4C3F-9C77-CDB361206553}.Debug|Any CPU.ActiveCfg = Debug|Any CPU
		{061F62C2-A3F4-4C3F-9C77-CDB361206553}.Debug|Any CPU.Build.0 = Debug|Any CPU
		{061F62C2-A3F4-4C3F-9C77-CDB361206553}.Release|Any CPU.ActiveCfg = Release|Any CPU
		{061F62C2-A3F4-4C3F-9C77-CDB361206553}.Release|Any CPU.Build.0 = Release|Any CPU
		{ED72A6A9-0C5E-45B4-88B4-BB26A32E5506}.Debug|Any CPU.ActiveCfg = Debug|Any CPU
		{ED72A6A9-0C5E-45B4-88B4-BB26A32E5506}.Debug|Any CPU.Build.0 = Debug|Any CPU
		{ED72A6A9-0C5E-45B4-88B4-BB26A32E5506}.Release|Any CPU.ActiveCfg = Release|Any CPU
		{ED72A6A9-0C5E-45B4-88B4-BB26A32E5506}.Release|Any CPU.Build.0 = Release|Any CPU
		{E11FA27B-106D-4D89-A79B-D2800FFD3FB4}.Debug|Any CPU.ActiveCfg = Debug|Any CPU
		{E11FA27B-106D-4D89-A79B-D2800FFD3FB4}.Debug|Any CPU.Build.0 = Debug|Any CPU
		{E11FA27B-106D-4D89-A79B-D2800FFD3FB4}.Release|Any CPU.ActiveCfg = Release|Any CPU
		{E11FA27B-106D-4D89-A79B-D2800FFD3FB4}.Release|Any CPU.Build.0 = Release|Any CPU
		{190480F2-FAE4-4B1D-9471-03D351261E7D}.Debug|Any CPU.ActiveCfg = Debug|Any CPU
		{190480F2-FAE4-4B1D-9471-03D351261E7D}.Debug|Any CPU.Build.0 = Debug|Any CPU
		{190480F2-FAE4-4B1D-9471-03D351261E7D}.Release|Any CPU.ActiveCfg = Release|Any CPU
		{190480F2-FAE4-4B1D-9471-03D351261E7D}.Release|Any CPU.Build.0 = Release|Any CPU
		{4174F6FC-D357-44C6-B86E-7E400F408803}.Debug|Any CPU.ActiveCfg = Debug|Any CPU
		{4174F6FC-D357-44C6-B86E-7E400F408803}.Debug|Any CPU.Build.0 = Debug|Any CPU
		{4174F6FC-D357-44C6-B86E-7E400F408803}.Release|Any CPU.ActiveCfg = Release|Any CPU
		{4174F6FC-D357-44C6-B86E-7E400F408803}.Release|Any CPU.Build.0 = Release|Any CPU
		{AE5EF27F-DD45-45F8-A7A8-96E1CCD6691B}.Debug|Any CPU.ActiveCfg = Debug|Any CPU
		{AE5EF27F-DD45-45F8-A7A8-96E1CCD6691B}.Debug|Any CPU.Build.0 = Debug|Any CPU
		{AE5EF27F-DD45-45F8-A7A8-96E1CCD6691B}.Release|Any CPU.ActiveCfg = Release|Any CPU
		{AE5EF27F-DD45-45F8-A7A8-96E1CCD6691B}.Release|Any CPU.Build.0 = Release|Any CPU
	EndGlobalSection
	GlobalSection(SolutionProperties) = preSolution
		HideSolutionNode = FALSE
	EndGlobalSection
	GlobalSection(NestedProjects) = preSolution
		{C7748FC2-041B-4DCF-A330-33405B911A74} = {622C8F2B-BA82-4BDD-AB95-FB1C7A1904C8}
		{F2B8A819-1472-457E-9871-A25122F081AF} = {C7748FC2-041B-4DCF-A330-33405B911A74}
		{A711285C-1CA4-4E88-AA59-47B2F1A062A4} = {C7748FC2-041B-4DCF-A330-33405B911A74}
		{C18BC0EF-2CFC-4340-8A58-2F9596880AB0} = {C7748FC2-041B-4DCF-A330-33405B911A74}
		{76C003B3-2426-49DD-A0A0-F9AAD136751B} = {C7748FC2-041B-4DCF-A330-33405B911A74}
		{36936E7C-6268-4418-AF30-F1B8158019FC} = {F2B8A819-1472-457E-9871-A25122F081AF}
		{AE168614-2C60-4489-A8AE-A0EE1D10EBCC} = {76C003B3-2426-49DD-A0A0-F9AAD136751B}
		{922BF31C-B758-4A76-A883-272C8112471F} = {C18BC0EF-2CFC-4340-8A58-2F9596880AB0}
		{4D356953-F069-46BA-B880-771F58F57D6F} = {A711285C-1CA4-4E88-AA59-47B2F1A062A4}
		{58BAC169-567A-4922-9856-028020C6AF48} = {A711285C-1CA4-4E88-AA59-47B2F1A062A4}
		{02C45A03-9387-4AA9-ACEA-ECB8D218312E} = {A711285C-1CA4-4E88-AA59-47B2F1A062A4}
		{061F62C2-A3F4-4C3F-9C77-CDB361206553} = {F2B8A819-1472-457E-9871-A25122F081AF}
		{ED72A6A9-0C5E-45B4-88B4-BB26A32E5506} = {F2B8A819-1472-457E-9871-A25122F081AF}
		{CA3DB2FA-27D1-44E5-A2A4-A3D4025ADB43} = {C7748FC2-041B-4DCF-A330-33405B911A74}
		{E11FA27B-106D-4D89-A79B-D2800FFD3FB4} = {CA3DB2FA-27D1-44E5-A2A4-A3D4025ADB43}
		{190480F2-FAE4-4B1D-9471-03D351261E7D} = {CA3DB2FA-27D1-44E5-A2A4-A3D4025ADB43}
		{4174F6FC-D357-44C6-B86E-7E400F408803} = {F2B8A819-1472-457E-9871-A25122F081AF}
		{AE5EF27F-DD45-45F8-A7A8-96E1CCD6691B} = {CA3DB2FA-27D1-44E5-A2A4-A3D4025ADB43}
	EndGlobalSection
EndGlobal
