
Microsoft Visual Studio Solution File, Format Version 12.00
# Visual Studio Version 17
VisualStudioVersion = 17.12.35707.178 d17.12
MinimumVisualStudioVersion = 10.0.40219.1
Project("{FAE04EC0-301F-11D3-BF4B-00C04F79EFBC}") = "TechChallengeFastFood.API", "src\Adapters\Driving\TechChallengeFastFood.API\TechChallengeFastFood.API.csproj", "{D7064034-822F-45A2-8BAD-02C8AE83D518}"
EndProject
Project("{2150E333-8FDC-42A3-9474-1A3956D46DE8}") = "src", "src", "{622C8F2B-BA82-4BDD-AB95-FB1C7A1904C8}"
EndProject
Project("{2150E333-8FDC-42A3-9474-1A3956D46DE8}") = "Adapters", "Adapters", "{F50DFF63-90AF-407B-9C45-CF25866A0EB6}"
EndProject
Project("{2150E333-8FDC-42A3-9474-1A3956D46DE8}") = "Core", "Core", "{045DF720-37B5-4DE3-BBD9-83D775EF7EC6}"
EndProject
Project("{2150E333-8FDC-42A3-9474-1A3956D46DE8}") = "Driven", "Driven", "{B410E48D-F4F6-478D-B3A7-918065AEBC5B}"
EndProject
Project("{2150E333-8FDC-42A3-9474-1A3956D46DE8}") = "Driving", "Driving", "{98FF289C-3236-4D5F-817E-673B50733B76}"
EndProject
Project("{FAE04EC0-301F-11D3-BF4B-00C04F79EFBC}") = "Application", "src\Core\Application\Application.csproj", "{1B725028-F622-4276-BB0F-BCBC196BC920}"
EndProject
Project("{FAE04EC0-301F-11D3-BF4B-00C04F79EFBC}") = "Domain", "src\Core\Domain\Domain.csproj", "{63128117-C371-4C85-8ACE-13DB00029E88}"
EndProject
Project("{2150E333-8FDC-42A3-9474-1A3956D46DE8}") = "Solution Items", "Solution Items", "{B229D73D-61FC-4DA2-8491-829BAE83B63B}"
	ProjectSection(SolutionItems) = preProject
		docker-compose.yaml = docker-compose.yaml
	EndProjectSection
EndProject
Project("{FAE04EC0-301F-11D3-BF4B-00C04F79EFBC}") = "Infra.Database.SqlServer", "src\Adapters\Driven\Infra.Database.SqlServer\Infra.Database.SqlServer.csproj", "{B4CF5FEA-BB09-4E17-BF7B-F698F096276E}"
EndProject
Project("{FAE04EC0-301F-11D3-BF4B-00C04F79EFBC}") = "Infra.Api.MercadoPago", "src\Adapters\Driven\Infra.Api.MercadoPago\Infra.Api.MercadoPago.csproj", "{95E2E325-28D2-44EE-9AA4-9D1EB2CF80FE}"
EndProject
Project("{FAE04EC0-301F-11D3-BF4B-00C04F79EFBC}") = "Infra.Password", "src\Adapters\Driven\Infra.Password\Infra.Password.csproj", "{CBC204EE-0DF2-423F-8996-307F229821E2}"
EndProject
Project("{2150E333-8FDC-42A3-9474-1A3956D46DE8}") = "Hexagon", "Hexagon", "{775A2A4A-FA30-456B-BF8D-DCDDE1D51CFC}"
EndProject
Project("{2150E333-8FDC-42A3-9474-1A3956D46DE8}") = "CleanArchitecture", "CleanArchitecture", "{6B9042E2-CE76-441D-870D-5DD2E82C92AE}"
EndProject
Project("{FAE04EC0-301F-11D3-BF4B-00C04F79EFBC}") = "TechChallengeFastFood.CleanArch.API", "src\CleanArchitecture\Drivers\TechChallengeFastFood.CleanArch.API\TechChallengeFastFood.CleanArch.API.csproj", "{15CC5959-6695-4825-A4C8-11841323EC45}"
EndProject
Project("{2150E333-8FDC-42A3-9474-1A3956D46DE8}") = "Drivers", "Drivers", "{E3735E9E-70B4-4FED-979F-4EED0F2BD2C8}"
EndProject
Project("{2150E333-8FDC-42A3-9474-1A3956D46DE8}") = "Interface", "Interface", "{7FA89187-58C4-4F84-8ED7-CC538E1AF7BB}"
EndProject
Project("{2150E333-8FDC-42A3-9474-1A3956D46DE8}") = "ApplicationBusiness", "ApplicationBusiness", "{8A3F60BB-B50A-4AA9-9CE8-5AC0124B1576}"
EndProject
Project("{2150E333-8FDC-42A3-9474-1A3956D46DE8}") = "EnterpriseBusiness", "EnterpriseBusiness", "{77825269-5660-472A-A268-42E861C47F93}"
EndProject
Project("{FAE04EC0-301F-11D3-BF4B-00C04F79EFBC}") = "TechChallengeFastFood.CleanArch.Controller", "src\CleanArchitecture\Interface\TechChallengeFastFood.CleanArch.Controller\TechChallengeFastFood.CleanArch.Controller.csproj", "{766A2509-7047-4816-9D18-8714F248775C}"
EndProject
Project("{FAE04EC0-301F-11D3-BF4B-00C04F79EFBC}") = "TechChallengeFastFood.CleanArch.Gateway", "src\CleanArchitecture\Interface\TechChallengeFastFood.CleanArch.Gateway\TechChallengeFastFood.CleanArch.Gateway.csproj", "{C436F041-692D-49CB-BE55-0B2D39E4C8F0}"
EndProject
Project("{FAE04EC0-301F-11D3-BF4B-00C04F79EFBC}") = "TechChallengeFastFood.CleanArch.Presenter", "src\CleanArchitecture\Interface\TechChallengeFastFood.CleanArch.Presenter\TechChallengeFastFood.CleanArch.Presenter.csproj", "{4B6D7F3F-3788-4DB1-B94B-C0F99E733BF5}"
EndProject
Project("{FAE04EC0-301F-11D3-BF4B-00C04F79EFBC}") = "TechChallengeFastFood.CleanArch.UseCase", "src\CleanArchitecture\ApplicationBusiness\TechChallengeFastFood.CleanArch.UseCase\TechChallengeFastFood.CleanArch.UseCase.csproj", "{F3C7757C-082D-410A-95D2-5217FA8A7324}"
EndProject
Project("{FAE04EC0-301F-11D3-BF4B-00C04F79EFBC}") = "TechChallengeFastFood.CleanArch.Entities", "src\CleanArchitecture\EnterpriseBusiness\TechChallengeFastFood.CleanArch.Entities\TechChallengeFastFood.CleanArch.Entities.csproj", "{DBAB197B-EB47-4E44-9B63-DB8D1D8199A1}"
EndProject
Global
	GlobalSection(SolutionConfigurationPlatforms) = preSolution
		Debug|Any CPU = Debug|Any CPU
		Release|Any CPU = Release|Any CPU
	EndGlobalSection
	GlobalSection(ProjectConfigurationPlatforms) = postSolution
		{D7064034-822F-45A2-8BAD-02C8AE83D518}.Debug|Any CPU.ActiveCfg = Debug|Any CPU
		{D7064034-822F-45A2-8BAD-02C8AE83D518}.Debug|Any CPU.Build.0 = Debug|Any CPU
		{D7064034-822F-45A2-8BAD-02C8AE83D518}.Release|Any CPU.ActiveCfg = Release|Any CPU
		{D7064034-822F-45A2-8BAD-02C8AE83D518}.Release|Any CPU.Build.0 = Release|Any CPU
		{1B725028-F622-4276-BB0F-BCBC196BC920}.Debug|Any CPU.ActiveCfg = Debug|Any CPU
		{1B725028-F622-4276-BB0F-BCBC196BC920}.Debug|Any CPU.Build.0 = Debug|Any CPU
		{1B725028-F622-4276-BB0F-BCBC196BC920}.Release|Any CPU.ActiveCfg = Release|Any CPU
		{1B725028-F622-4276-BB0F-BCBC196BC920}.Release|Any CPU.Build.0 = Release|Any CPU
		{63128117-C371-4C85-8ACE-13DB00029E88}.Debug|Any CPU.ActiveCfg = Debug|Any CPU
		{63128117-C371-4C85-8ACE-13DB00029E88}.Debug|Any CPU.Build.0 = Debug|Any CPU
		{63128117-C371-4C85-8ACE-13DB00029E88}.Release|Any CPU.ActiveCfg = Release|Any CPU
		{63128117-C371-4C85-8ACE-13DB00029E88}.Release|Any CPU.Build.0 = Release|Any CPU
		{B4CF5FEA-BB09-4E17-BF7B-F698F096276E}.Debug|Any CPU.ActiveCfg = Debug|Any CPU
		{B4CF5FEA-BB09-4E17-BF7B-F698F096276E}.Debug|Any CPU.Build.0 = Debug|Any CPU
		{B4CF5FEA-BB09-4E17-BF7B-F698F096276E}.Release|Any CPU.ActiveCfg = Release|Any CPU
		{B4CF5FEA-BB09-4E17-BF7B-F698F096276E}.Release|Any CPU.Build.0 = Release|Any CPU
		{95E2E325-28D2-44EE-9AA4-9D1EB2CF80FE}.Debug|Any CPU.ActiveCfg = Debug|Any CPU
		{95E2E325-28D2-44EE-9AA4-9D1EB2CF80FE}.Debug|Any CPU.Build.0 = Debug|Any CPU
		{95E2E325-28D2-44EE-9AA4-9D1EB2CF80FE}.Release|Any CPU.ActiveCfg = Release|Any CPU
		{95E2E325-28D2-44EE-9AA4-9D1EB2CF80FE}.Release|Any CPU.Build.0 = Release|Any CPU
		{CBC204EE-0DF2-423F-8996-307F229821E2}.Debug|Any CPU.ActiveCfg = Debug|Any CPU
		{CBC204EE-0DF2-423F-8996-307F229821E2}.Debug|Any CPU.Build.0 = Debug|Any CPU
		{CBC204EE-0DF2-423F-8996-307F229821E2}.Release|Any CPU.ActiveCfg = Release|Any CPU
		{CBC204EE-0DF2-423F-8996-307F229821E2}.Release|Any CPU.Build.0 = Release|Any CPU
		{15CC5959-6695-4825-A4C8-11841323EC45}.Debug|Any CPU.ActiveCfg = Debug|Any CPU
		{15CC5959-6695-4825-A4C8-11841323EC45}.Debug|Any CPU.Build.0 = Debug|Any CPU
		{15CC5959-6695-4825-A4C8-11841323EC45}.Release|Any CPU.ActiveCfg = Release|Any CPU
		{15CC5959-6695-4825-A4C8-11841323EC45}.Release|Any CPU.Build.0 = Release|Any CPU
		{766A2509-7047-4816-9D18-8714F248775C}.Debug|Any CPU.ActiveCfg = Debug|Any CPU
		{766A2509-7047-4816-9D18-8714F248775C}.Debug|Any CPU.Build.0 = Debug|Any CPU
		{766A2509-7047-4816-9D18-8714F248775C}.Release|Any CPU.ActiveCfg = Release|Any CPU
		{766A2509-7047-4816-9D18-8714F248775C}.Release|Any CPU.Build.0 = Release|Any CPU
		{C436F041-692D-49CB-BE55-0B2D39E4C8F0}.Debug|Any CPU.ActiveCfg = Debug|Any CPU
		{C436F041-692D-49CB-BE55-0B2D39E4C8F0}.Debug|Any CPU.Build.0 = Debug|Any CPU
		{C436F041-692D-49CB-BE55-0B2D39E4C8F0}.Release|Any CPU.ActiveCfg = Release|Any CPU
		{C436F041-692D-49CB-BE55-0B2D39E4C8F0}.Release|Any CPU.Build.0 = Release|Any CPU
		{4B6D7F3F-3788-4DB1-B94B-C0F99E733BF5}.Debug|Any CPU.ActiveCfg = Debug|Any CPU
		{4B6D7F3F-3788-4DB1-B94B-C0F99E733BF5}.Debug|Any CPU.Build.0 = Debug|Any CPU
		{4B6D7F3F-3788-4DB1-B94B-C0F99E733BF5}.Release|Any CPU.ActiveCfg = Release|Any CPU
		{4B6D7F3F-3788-4DB1-B94B-C0F99E733BF5}.Release|Any CPU.Build.0 = Release|Any CPU
		{F3C7757C-082D-410A-95D2-5217FA8A7324}.Debug|Any CPU.ActiveCfg = Debug|Any CPU
		{F3C7757C-082D-410A-95D2-5217FA8A7324}.Debug|Any CPU.Build.0 = Debug|Any CPU
		{F3C7757C-082D-410A-95D2-5217FA8A7324}.Release|Any CPU.ActiveCfg = Release|Any CPU
		{F3C7757C-082D-410A-95D2-5217FA8A7324}.Release|Any CPU.Build.0 = Release|Any CPU
		{DBAB197B-EB47-4E44-9B63-DB8D1D8199A1}.Debug|Any CPU.ActiveCfg = Debug|Any CPU
		{DBAB197B-EB47-4E44-9B63-DB8D1D8199A1}.Debug|Any CPU.Build.0 = Debug|Any CPU
		{DBAB197B-EB47-4E44-9B63-DB8D1D8199A1}.Release|Any CPU.ActiveCfg = Release|Any CPU
		{DBAB197B-EB47-4E44-9B63-DB8D1D8199A1}.Release|Any CPU.Build.0 = Release|Any CPU
	EndGlobalSection
	GlobalSection(SolutionProperties) = preSolution
		HideSolutionNode = FALSE
	EndGlobalSection
	GlobalSection(NestedProjects) = preSolution
		{D7064034-822F-45A2-8BAD-02C8AE83D518} = {98FF289C-3236-4D5F-817E-673B50733B76}
		{B410E48D-F4F6-478D-B3A7-918065AEBC5B} = {F50DFF63-90AF-407B-9C45-CF25866A0EB6}
		{98FF289C-3236-4D5F-817E-673B50733B76} = {F50DFF63-90AF-407B-9C45-CF25866A0EB6}
		{1B725028-F622-4276-BB0F-BCBC196BC920} = {045DF720-37B5-4DE3-BBD9-83D775EF7EC6}
		{63128117-C371-4C85-8ACE-13DB00029E88} = {045DF720-37B5-4DE3-BBD9-83D775EF7EC6}
		{B4CF5FEA-BB09-4E17-BF7B-F698F096276E} = {B410E48D-F4F6-478D-B3A7-918065AEBC5B}
		{95E2E325-28D2-44EE-9AA4-9D1EB2CF80FE} = {B410E48D-F4F6-478D-B3A7-918065AEBC5B}
		{CBC204EE-0DF2-423F-8996-307F229821E2} = {B410E48D-F4F6-478D-B3A7-918065AEBC5B}
		{775A2A4A-FA30-456B-BF8D-DCDDE1D51CFC} = {622C8F2B-BA82-4BDD-AB95-FB1C7A1904C8}
		{F50DFF63-90AF-407B-9C45-CF25866A0EB6} = {775A2A4A-FA30-456B-BF8D-DCDDE1D51CFC}
		{045DF720-37B5-4DE3-BBD9-83D775EF7EC6} = {775A2A4A-FA30-456B-BF8D-DCDDE1D51CFC}
		{6B9042E2-CE76-441D-870D-5DD2E82C92AE} = {622C8F2B-BA82-4BDD-AB95-FB1C7A1904C8}
		{E3735E9E-70B4-4FED-979F-4EED0F2BD2C8} = {6B9042E2-CE76-441D-870D-5DD2E82C92AE}
		{15CC5959-6695-4825-A4C8-11841323EC45} = {E3735E9E-70B4-4FED-979F-4EED0F2BD2C8}
		{7FA89187-58C4-4F84-8ED7-CC538E1AF7BB} = {6B9042E2-CE76-441D-870D-5DD2E82C92AE}
		{8A3F60BB-B50A-4AA9-9CE8-5AC0124B1576} = {6B9042E2-CE76-441D-870D-5DD2E82C92AE}
		{77825269-5660-472A-A268-42E861C47F93} = {6B9042E2-CE76-441D-870D-5DD2E82C92AE}
		{766A2509-7047-4816-9D18-8714F248775C} = {7FA89187-58C4-4F84-8ED7-CC538E1AF7BB}
		{C436F041-692D-49CB-BE55-0B2D39E4C8F0} = {7FA89187-58C4-4F84-8ED7-CC538E1AF7BB}
		{4B6D7F3F-3788-4DB1-B94B-C0F99E733BF5} = {7FA89187-58C4-4F84-8ED7-CC538E1AF7BB}
		{F3C7757C-082D-410A-95D2-5217FA8A7324} = {8A3F60BB-B50A-4AA9-9CE8-5AC0124B1576}
		{DBAB197B-EB47-4E44-9B63-DB8D1D8199A1} = {77825269-5660-472A-A268-42E861C47F93}
	EndGlobalSection
EndGlobal
